
Microsoft Visual Studio Solution File, Format Version 12.00
# Visual Studio Version 16
VisualStudioVersion = 16.0.30711.63
MinimumVisualStudioVersion = 10.0.40219.1
Project("{FAE04EC0-301F-11D3-BF4B-00C04F79EFBC}") = "ASP.NetLab6", "ASP.NetLab6\ASP.NetLab6.csproj", "{E20EF847-64CA-43D3-AA4F-95C0A465A01B}"
EndProject
Global
	GlobalSection(SolutionConfigurationPlatforms) = preSolution
		Debug|Any CPU = Debug|Any CPU
		Release|Any CPU = Release|Any CPU
	EndGlobalSection
	GlobalSection(ProjectConfigurationPlatforms) = postSolution
		{E20EF847-64CA-43D3-AA4F-95C0A465A01B}.Debug|Any CPU.ActiveCfg = Debug|Any CPU
		{E20EF847-64CA-43D3-AA4F-95C0A465A01B}.Debug|Any CPU.Build.0 = Debug|Any CPU
		{E20EF847-64CA-43D3-AA4F-95C0A465A01B}.Release|Any CPU.ActiveCfg = Release|Any CPU
		{E20EF847-64CA-43D3-AA4F-95C0A465A01B}.Release|Any CPU.Build.0 = Release|Any CPU
	EndGlobalSection
	GlobalSection(SolutionProperties) = preSolution
		HideSolutionNode = FALSE
	EndGlobalSection
	GlobalSection(ExtensibilityGlobals) = postSolution
		SolutionGuid = {6AA19F0F-2DE1-4549-91A6-B4F3789BD9C7}
	EndGlobalSection
EndGlobal
